
Microsoft Visual Studio Solution File, Format Version 12.00
# Visual Studio Version 16
VisualStudioVersion = 16.0.31005.135
MinimumVisualStudioVersion = 10.0.40219.1
Project("{FAE04EC0-301F-11D3-BF4B-00C04F79EFBC}") = "MvcMovie", "MvcMovie.csproj", "{454AF98F-A547-4E99-BB09-2103E0F84BBA}"
EndProject
Global
	GlobalSection(SolutionConfigurationPlatforms) = preSolution
		Debug|Any CPU = Debug|Any CPU
		Release|Any CPU = Release|Any CPU
	EndGlobalSection
	GlobalSection(ProjectConfigurationPlatforms) = postSolution
		{454AF98F-A547-4E99-BB09-2103E0F84BBA}.Debug|Any CPU.ActiveCfg = Debug|Any CPU
		{454AF98F-A547-4E99-BB09-2103E0F84BBA}.Debug|Any CPU.Build.0 = Debug|Any CPU
		{454AF98F-A547-4E99-BB09-2103E0F84BBA}.Release|Any CPU.ActiveCfg = Release|Any CPU
		{454AF98F-A547-4E99-BB09-2103E0F84BBA}.Release|Any CPU.Build.0 = Release|Any CPU
	EndGlobalSection
	GlobalSection(SolutionProperties) = preSolution
		HideSolutionNode = FALSE
	EndGlobalSection
	GlobalSection(ExtensibilityGlobals) = postSolution
		SolutionGuid = {FD19AAD1-DB97-4A5B-AF29-89131E82340D}
	EndGlobalSection
EndGlobal
